{
  "version": 4,
  "terraform_version": "1.2.2",
  "serial": 55,
  "lineage": "472586e1-d657-1095-217c-43f8b2f3d7cf",
  "outputs": {
    "ssh_string": {
      "value": "ssh -i ~/.ssh/id_rsa.pub core@45.76.240.228",
      "type": "string"
    },
    "vultr_instance_attributes": {
      "value": {
        "activation_email": false,
        "allowed_bandwidth": 1000,
        "app_id": 0,
        "backups": "disabled",
        "date_created": "2022-07-03T13:55:16+00:00",
        "ddos_protection": false,
        "default_password": "X8,mC%FVoWPLRJRh",
        "disk": 25,
        "enable_ipv6": false,
        "enable_private_network": false,
        "features": [],
        "firewall_group_id": "",
        "gateway_v4": "45.76.240.1",
        "hostname": "square-booking-app",
        "id": "52f6f67e-5d18-4d3f-a453-8199116487b7",
        "internal_ip": "",
        "iso_id": "f28f0d76-65b5-4a7c-b576-a518426a1a35",
        "kvm": "https://my.vultr.com/subs/vps/novnc/api.php?data=djJ8OGRtb0QwZ1FoZ1ZFZEFDRncxb2c2eWM3VlB4RHg0cTZ8BkZhrn6GRzRM4H7NMXdLweKoZ4FG9n1J2vRjjDf-uA7D9mnIBxbJ5iy_S1QD_atcowTP8-bKlm5OJAXhU2xrTL4lDffx12WzPvehCmHG4diWzU33INdXcYt0glffq609ovHsW9LJkfbg7LFwG6DCFYgrQob9Umy4ntgrlVBcb8Qsa3DNm4b3FRYY0An8rqbHONWrvX64ZEgQrz6yFzAeUKlyNNY",
        "label": "square-booking-app",
        "main_ip": "45.76.240.228",
        "netmask_v4": "255.255.254.0",
        "os": "Custom Installed",
        "os_id": 159,
        "plan": "vc2-1c-1gb",
        "power_status": "running",
        "private_network_ids": null,
        "ram": 1024,
        "region": "sea",
        "reserved_ip_id": null,
        "script_id": null,
        "server_status": "installingbooting",
        "snapshot_id": null,
        "ssh_key_ids": [
          "525d5491-ba51-4f95-8ff1-4fd1fcb5fa71"
        ],
        "status": "active",
        "tag": "square-booking-app",
        "user_data": null,
        "v6_main_ip": "",
        "v6_network": "",
        "v6_network_size": 0,
        "vcpu_count": 1
      },
      "type": [
        "object",
        {
          "activation_email": "bool",
          "allowed_bandwidth": "number",
          "app_id": "number",
          "backups": "string",
          "date_created": "string",
          "ddos_protection": "bool",
          "default_password": "string",
          "disk": "number",
          "enable_ipv6": "bool",
          "enable_private_network": "bool",
          "features": [
            "list",
            "string"
          ],
          "firewall_group_id": "string",
          "gateway_v4": "string",
          "hostname": "string",
          "id": "string",
          "internal_ip": "string",
          "iso_id": "string",
          "kvm": "string",
          "label": "string",
          "main_ip": "string",
          "netmask_v4": "string",
          "os": "string",
          "os_id": "number",
          "plan": "string",
          "power_status": "string",
          "private_network_ids": [
            "list",
            "string"
          ],
          "ram": "number",
          "region": "string",
          "reserved_ip_id": "string",
          "script_id": "string",
          "server_status": "string",
          "snapshot_id": "string",
          "ssh_key_ids": [
            "list",
            "string"
          ],
          "status": "string",
          "tag": "string",
          "user_data": "string",
          "v6_main_ip": "string",
          "v6_network": "string",
          "v6_network_size": "number",
          "vcpu_count": "number"
        }
      ],
      "sensitive": true
    },
    "vultr_ssh_key_attributes": {
      "value": {
        "date_created": "2022-07-03T13:00:05+00:00",
        "id": "525d5491-ba51-4f95-8ff1-4fd1fcb5fa71",
        "name": "vultr_key",
        "ssh_key": "ssh-rsa AAAAB3NzaC1yc2EAAAADAQABAAACAQC+7A6SpR3ebluO5qiCtQcGKRKM/UK1mpzMDLEnCKc8KSp+Rg2BUyGojhh7oi5WIcy4/PK+svjHWONiNz6sCBKZRStvKzLe4Kodgu8g164pdGyda5GwsDpyj6GZ62vfVdHuOkS0vN7Q68CwWbmZPfoclr6KUzcnIfHJAS5WDwtm+F5YLpWTKbZoHW8yopgWI80pa1ClwoTPra79nYzEFy4rImkYUjiGqHElWrb/BK7ykpihR3Yxv2JazQLCgajATVD4t+SCb36rZe3GIaMNjI3gfTAstygHIQCaEwRZVXLTpugzVmiCrB4OA20wBCDkNGkoml3OMsEHidbi7HrJhn1voAN7CQQi/Te+ltT7MSEd7CUKYEdAJE13hwGEBhQI15/WEznLS+lDdgIdx4BjhPX2MwMVHsL50bOJc+Uf8JuRQHe+HPvmWL8dvD7ZHh06rnR0eYQUO9YGZXl/oIEfURXcM0VXeo0433CcumNHlfVPk8bO0iocTs326a0R/3wcRLc2jvOsnCehBGrSkU1CbDRWbjSMuGa8dXeovWVNxq7ooLDbNEiz9fxQId0caYbDsiLQbHbUYQJi1QlxycnUeiCeeDwYlEQ1y50FvI+UPYM7hT//zRO9yTVL5NOF4SCz3xqjM1QKrtKZv4l042Pk87DvYLbV+nMLImcSsnmG789+KQ== alex@surfacepro6\n"
      },
      "type": [
        "object",
        {
          "date_created": "string",
          "id": "string",
          "name": "string",
          "ssh_key": "string"
        }
      ],
      "sensitive": true
    }
  },
  "resources": [
    {
      "mode": "managed",
      "type": "vultr_instance",
      "name": "square_booking_app",
      "provider": "provider[\"registry.terraform.io/vultr/vultr\"]",
      "instances": [
        {
          "schema_version": 0,
          "attributes": {
            "activation_email": false,
            "allowed_bandwidth": 1000,
            "app_id": 0,
            "backups": "disabled",
            "date_created": "2022-07-03T13:55:16+00:00",
            "ddos_protection": false,
            "default_password": "X8,mC%FVoWPLRJRh",
            "disk": 25,
            "enable_ipv6": false,
            "enable_private_network": false,
            "features": [],
            "firewall_group_id": "",
            "gateway_v4": "45.76.240.1",
            "hostname": "square-booking-app",
            "id": "52f6f67e-5d18-4d3f-a453-8199116487b7",
            "internal_ip": "",
            "iso_id": "f28f0d76-65b5-4a7c-b576-a518426a1a35",
            "kvm": "https://my.vultr.com/subs/vps/novnc/api.php?data=djJ8OGRtb0QwZ1FoZ1ZFZEFDRncxb2c2eWM3VlB4RHg0cTZ8BkZhrn6GRzRM4H7NMXdLweKoZ4FG9n1J2vRjjDf-uA7D9mnIBxbJ5iy_S1QD_atcowTP8-bKlm5OJAXhU2xrTL4lDffx12WzPvehCmHG4diWzU33INdXcYt0glffq609ovHsW9LJkfbg7LFwG6DCFYgrQob9Umy4ntgrlVBcb8Qsa3DNm4b3FRYY0An8rqbHONWrvX64ZEgQrz6yFzAeUKlyNNY",
            "label": "square-booking-app",
            "main_ip": "45.76.240.228",
            "netmask_v4": "255.255.254.0",
            "os": "Custom Installed",
            "os_id": 159,
            "plan": "vc2-1c-1gb",
            "power_status": "running",
            "private_network_ids": null,
            "ram": 1024,
            "region": "sea",
            "reserved_ip_id": null,
            "script_id": null,
            "server_status": "installingbooting",
            "snapshot_id": null,
            "ssh_key_ids": [
              "525d5491-ba51-4f95-8ff1-4fd1fcb5fa71"
            ],
            "status": "active",
            "tag": "square-booking-app",
            "user_data": null,
            "v6_main_ip": "",
            "v6_network": "",
            "v6_network_size": 0,
            "vcpu_count": 1
          },
          "sensitive_attributes": [],
          "private": "bnVsbA==",
          "dependencies": [
            "vultr_ssh_key.ssh_key"
          ]
        }
      ]
    },
    {
      "mode": "managed",
      "type": "vultr_ssh_key",
      "name": "ssh_key",
      "provider": "provider[\"registry.terraform.io/vultr/vultr\"]",
      "instances": [
        {
          "schema_version": 0,
          "attributes": {
            "date_created": "2022-07-03T13:00:05+00:00",
            "id": "525d5491-ba51-4f95-8ff1-4fd1fcb5fa71",
            "name": "vultr_key",
            "ssh_key": "ssh-rsa AAAAB3NzaC1yc2EAAAADAQABAAACAQC+7A6SpR3ebluO5qiCtQcGKRKM/UK1mpzMDLEnCKc8KSp+Rg2BUyGojhh7oi5WIcy4/PK+svjHWONiNz6sCBKZRStvKzLe4Kodgu8g164pdGyda5GwsDpyj6GZ62vfVdHuOkS0vN7Q68CwWbmZPfoclr6KUzcnIfHJAS5WDwtm+F5YLpWTKbZoHW8yopgWI80pa1ClwoTPra79nYzEFy4rImkYUjiGqHElWrb/BK7ykpihR3Yxv2JazQLCgajATVD4t+SCb36rZe3GIaMNjI3gfTAstygHIQCaEwRZVXLTpugzVmiCrB4OA20wBCDkNGkoml3OMsEHidbi7HrJhn1voAN7CQQi/Te+ltT7MSEd7CUKYEdAJE13hwGEBhQI15/WEznLS+lDdgIdx4BjhPX2MwMVHsL50bOJc+Uf8JuRQHe+HPvmWL8dvD7ZHh06rnR0eYQUO9YGZXl/oIEfURXcM0VXeo0433CcumNHlfVPk8bO0iocTs326a0R/3wcRLc2jvOsnCehBGrSkU1CbDRWbjSMuGa8dXeovWVNxq7ooLDbNEiz9fxQId0caYbDsiLQbHbUYQJi1QlxycnUeiCeeDwYlEQ1y50FvI+UPYM7hT//zRO9yTVL5NOF4SCz3xqjM1QKrtKZv4l042Pk87DvYLbV+nMLImcSsnmG789+KQ== alex@surfacepro6"
          },
          "sensitive_attributes": [],
          "private": "bnVsbA=="
        }
      ]
    }
  ]
}
