{
  "version": 4,
  "terraform_version": "1.2.3",
  "serial": 85,
  "lineage": "472586e1-d657-1095-217c-43f8b2f3d7cf",
  "outputs": {
    "ansible_command": {
      "value": "ansible-playbook -e pub_key=~/.ssh/vultr_key -e os_user=root ansible/packages-install.yml",
      "type": "string"
    },
    "ssh_connection": {
      "value": "ssh -i ~/.ssh/vultr_key root@45.77.212.173",
      "type": "string"
    },
    "vultr_instance_attributes": {
      "value": "45.77.212.173",
      "type": "string"
    }
  },
  "resources": [
    {
      "mode": "data",
      "type": "vultr_iso_public",
      "name": "iso",
      "provider": "provider[\"registry.terraform.io/vultr/vultr\"]",
      "instances": [
        {
          "schema_version": 0,
          "attributes": {
            "description": "x64",
            "filter": [
              {
                "name": "name",
                "values": [
                  "Fedora CoreOS"
                ]
              }
            ],
            "id": "f28f0d76-65b5-4a7c-b576-a518426a1a35",
            "md5sum": "846b49b2ec4b7adf725e189d0244d1b4",
            "name": "Fedora CoreOS"
          },
          "sensitive_attributes": []
        }
      ]
    },
    {
      "mode": "data",
      "type": "vultr_os",
      "name": "os",
      "provider": "provider[\"registry.terraform.io/vultr/vultr\"]",
      "instances": [
        {
          "schema_version": 0,
          "attributes": {
            "arch": "x64",
            "family": "archlinux",
            "filter": [
              {
                "name": "name",
                "values": [
                  "Arch Linux x64"
                ]
              }
            ],
            "id": "535",
            "name": "Arch Linux x64"
          },
          "sensitive_attributes": []
        }
      ]
    },
    {
      "mode": "data",
      "type": "vultr_plan",
      "name": "plan",
      "provider": "provider[\"registry.terraform.io/vultr/vultr\"]",
      "instances": [
        {
          "schema_version": 0,
          "attributes": {
            "bandwidth": 1024,
            "disk": 25,
            "disk_count": 1,
            "filter": [
              {
                "name": "id",
                "values": [
                  "vc2-1c-1gb"
                ]
              }
            ],
            "gpu_type": "",
            "gpu_vram": 0,
            "id": "vc2-1c-1gb",
            "locations": [
              "ewr",
              "ord",
              "dfw",
              "sea",
              "lax",
              "atl",
              "ams",
              "lhr",
              "fra",
              "sjc",
              "syd",
              "yto",
              "cdg",
              "nrt",
              "waw",
              "mad",
              "icn",
              "mia",
              "sgp",
              "sto",
              "mex",
              "mel",
              "bom"
            ],
            "monthly_cost": 5,
            "ram": 1024,
            "type": "vc2",
            "vcpu_count": 1
          },
          "sensitive_attributes": []
        }
      ]
    },
    {
      "mode": "data",
      "type": "vultr_region",
      "name": "region",
      "provider": "provider[\"registry.terraform.io/vultr/vultr\"]",
      "instances": [
        {
          "schema_version": 0,
          "attributes": {
            "city": "Seattle",
            "continent": "North America",
            "country": "US",
            "filter": [
              {
                "name": "id",
                "values": [
                  "sea"
                ]
              }
            ],
            "id": "sea",
            "options": [
              "ddos_protection",
              "block_storage_storage_opt",
              "load_balancers",
              "kubernetes"
            ]
          },
          "sensitive_attributes": []
        }
      ]
    },
    {
      "mode": "data",
      "type": "vultr_ssh_key",
      "name": "key",
      "provider": "provider[\"registry.terraform.io/vultr/vultr\"]",
      "instances": [
        {
          "schema_version": 0,
          "attributes": {
            "date_created": "2022-07-03T13:00:05+00:00",
            "filter": [
              {
                "name": "name",
                "values": [
                  "vultr_key"
                ]
              }
            ],
            "id": "525d5491-ba51-4f95-8ff1-4fd1fcb5fa71",
            "name": "vultr_key",
            "ssh_key": "ssh-rsa AAAAB3NzaC1yc2EAAAADAQABAAACAQC+7A6SpR3ebluO5qiCtQcGKRKM/UK1mpzMDLEnCKc8KSp+Rg2BUyGojhh7oi5WIcy4/PK+svjHWONiNz6sCBKZRStvKzLe4Kodgu8g164pdGyda5GwsDpyj6GZ62vfVdHuOkS0vN7Q68CwWbmZPfoclr6KUzcnIfHJAS5WDwtm+F5YLpWTKbZoHW8yopgWI80pa1ClwoTPra79nYzEFy4rImkYUjiGqHElWrb/BK7ykpihR3Yxv2JazQLCgajATVD4t+SCb36rZe3GIaMNjI3gfTAstygHIQCaEwRZVXLTpugzVmiCrB4OA20wBCDkNGkoml3OMsEHidbi7HrJhn1voAN7CQQi/Te+ltT7MSEd7CUKYEdAJE13hwGEBhQI15/WEznLS+lDdgIdx4BjhPX2MwMVHsL50bOJc+Uf8JuRQHe+HPvmWL8dvD7ZHh06rnR0eYQUO9YGZXl/oIEfURXcM0VXeo0433CcumNHlfVPk8bO0iocTs326a0R/3wcRLc2jvOsnCehBGrSkU1CbDRWbjSMuGa8dXeovWVNxq7ooLDbNEiz9fxQId0caYbDsiLQbHbUYQJi1QlxycnUeiCeeDwYlEQ1y50FvI+UPYM7hT//zRO9yTVL5NOF4SCz3xqjM1QKrtKZv4l042Pk87DvYLbV+nMLImcSsnmG789+KQ== alex@surfacepro6"
          },
          "sensitive_attributes": []
        }
      ]
    },
    {
      "mode": "managed",
      "type": "null_resource",
      "name": "configure-booking-app",
      "provider": "provider[\"registry.terraform.io/hashicorp/null\"]",
      "instances": [
        {
          "schema_version": 0,
          "attributes": {
            "id": "392084608958637562",
            "triggers": null
          },
          "sensitive_attributes": [],
          "private": "bnVsbA==",
          "dependencies": [
            "data.vultr_os.os",
            "data.vultr_plan.plan",
            "data.vultr_region.region",
            "data.vultr_ssh_key.key",
            "vultr_instance.booking_app"
          ]
        }
      ]
    },
    {
      "mode": "managed",
      "type": "vultr_instance",
      "name": "booking_app",
      "provider": "provider[\"registry.terraform.io/vultr/vultr\"]",
      "instances": [
        {
          "status": "tainted",
          "schema_version": 0,
          "attributes": {
            "activation_email": false,
            "allowed_bandwidth": 1000,
            "app_id": 0,
            "backups": "disabled",
            "backups_schedule": [],
            "date_created": "2022-07-04T06:42:38+00:00",
            "ddos_protection": false,
            "default_password": "a1=GB1abYnh9mjc@",
            "disk": 25,
            "enable_ipv6": false,
            "features": [],
            "firewall_group_id": "",
            "gateway_v4": "149.248.38.1",
            "hostname": "square-booking-app",
            "id": "60d60492-7efe-4b09-9f12-efa7ac8ffdbd",
            "image_id": null,
            "internal_ip": "",
            "iso_id": null,
            "kvm": "https://my.vultr.com/subs/vps/novnc/api.php?data=djJ8Rnd5X3lOX0VLZFVJd25hRm91YlVvSzhhOGJxVmMxN3V8kL9nvSW08GyohMKY-7Ffgqp67rvhoeMRaZ0QAlfmSibJhTlyPw5DgI7Yl7AezZ_eTvnnzdMjkMNGgc5QEmrt-ZcHYR6S_oOx79ekYQ_aeKpCBALYeDnlmoR9q_Dr7Q7FxOpx5wbI0svrjVT9HJ3hHWGhHoNsfZcrMmIREHqo26JZA6tEZmQozpuU1buYuns72OswE4LjFo7_FnhcbyFJPilrFg",
            "label": "square-booking-app",
            "main_ip": "149.248.39.89",
            "netmask_v4": "255.255.254.0",
            "os": "Arch Linux x64",
            "os_id": 535,
            "plan": "vc2-1c-1gb",
            "power_status": "running",
            "private_network_ids": [],
            "ram": 1024,
            "region": "sea",
            "reserved_ip_id": null,
            "script_id": null,
            "server_status": "installingbooting",
            "snapshot_id": null,
            "ssh_key_ids": [
              "525d5491-ba51-4f95-8ff1-4fd1fcb5fa71"
            ],
            "status": "active",
            "tag": "",
            "tags": null,
            "timeouts": null,
            "user_data": null,
            "v6_main_ip": "",
            "v6_network": "",
            "v6_network_size": 0,
            "vcpu_count": 1,
            "vpc_ids": []
          },
          "sensitive_attributes": [],
          "private": "eyJlMmJmYjczMC1lY2FhLTExZTYtOGY4OC0zNDM2M2JjN2M0YzAiOnsiY3JlYXRlIjozNjAwMDAwMDAwMDAwLCJ1cGRhdGUiOjM2MDAwMDAwMDAwMDB9fQ==",
          "dependencies": [
            "data.vultr_os.os",
            "data.vultr_plan.plan",
            "data.vultr_region.region",
            "data.vultr_ssh_key.key"
          ]
        }
      ]
    },
    {
      "mode": "managed",
      "type": "vultr_ssh_key",
      "name": "ssh_key",
      "provider": "provider[\"registry.terraform.io/vultr/vultr\"]",
      "instances": [
        {
          "schema_version": 0,
          "attributes": {
            "date_created": "2022-07-03T13:00:05+00:00",
            "id": "525d5491-ba51-4f95-8ff1-4fd1fcb5fa71",
            "name": "vultr_key",
            "ssh_key": "ssh-rsa AAAAB3NzaC1yc2EAAAADAQABAAACAQC+7A6SpR3ebluO5qiCtQcGKRKM/UK1mpzMDLEnCKc8KSp+Rg2BUyGojhh7oi5WIcy4/PK+svjHWONiNz6sCBKZRStvKzLe4Kodgu8g164pdGyda5GwsDpyj6GZ62vfVdHuOkS0vN7Q68CwWbmZPfoclr6KUzcnIfHJAS5WDwtm+F5YLpWTKbZoHW8yopgWI80pa1ClwoTPra79nYzEFy4rImkYUjiGqHElWrb/BK7ykpihR3Yxv2JazQLCgajATVD4t+SCb36rZe3GIaMNjI3gfTAstygHIQCaEwRZVXLTpugzVmiCrB4OA20wBCDkNGkoml3OMsEHidbi7HrJhn1voAN7CQQi/Te+ltT7MSEd7CUKYEdAJE13hwGEBhQI15/WEznLS+lDdgIdx4BjhPX2MwMVHsL50bOJc+Uf8JuRQHe+HPvmWL8dvD7ZHh06rnR0eYQUO9YGZXl/oIEfURXcM0VXeo0433CcumNHlfVPk8bO0iocTs326a0R/3wcRLc2jvOsnCehBGrSkU1CbDRWbjSMuGa8dXeovWVNxq7ooLDbNEiz9fxQId0caYbDsiLQbHbUYQJi1QlxycnUeiCeeDwYlEQ1y50FvI+UPYM7hT//zRO9yTVL5NOF4SCz3xqjM1QKrtKZv4l042Pk87DvYLbV+nMLImcSsnmG789+KQ== alex@surfacepro6"
          },
          "sensitive_attributes": [],
          "private": "bnVsbA=="
        }
      ]
    }
  ]
}
